<?xml version="1.0" encoding="utf-8"?>
<Project ToolsVersion="4.0" xmlns="http://schemas.microsoft.com/developer/msbuild/2003">
  <ItemGroup>
    <Filter Include="Source Files">
      <UniqueIdentifier>{4FC737F1-C7A5-4376-A066-2A32D752A2FF}</UniqueIdentifier>
      <Extensions>cpp;c;cc;cxx;c++;cppm;ixx;def;odl;idl;hpj;bat;asm;asmx</Extensions>
    </Filter>
    <Filter Include="Header Files">
      <UniqueIdentifier>{93995380-89BD-4b04-88EB-625FBE52EBFB}</UniqueIdentifier>
      <Extensions>h;hh;hpp;hxx;h++;hm;inl;inc;ipp;xsd</Extensions>
    </Filter>
    <Filter Include="Resource Files">
      <UniqueIdentifier>{67DA6AB6-F800-4c08-8B7A-83BB121AAD01}</UniqueIdentifier>
      <Extensions>rc;ico;cur;bmp;dlg;rc2;rct;bin;rgs;gif;jpg;jpeg;jpe;resx;tiff;tif;png;wav;mfcribbon-ms</Extensions>
    </Filter>
  </ItemGroup>
  <ItemGroup>
    <ClCompile Include="main.cpp">
      <Filter>Source Files</Filter>
    </ClCompile>
    <ClCompile Include="Menu.cpp">
      <Filter>Source Files</Filter>
    </ClCompile>
    <ClCompile Include="BloqueFijo.cpp">
      <Filter>Source Files</Filter>
    </ClCompile>
    <ClCompile Include="BloquesDestruibles.cpp">
      <Filter>Source Files</Filter>
    </ClCompile>
    <ClCompile Include="Bomba.cpp">
      <Filter>Source Files</Filter>
    </ClCompile>
    <ClCompile Include="BoostBomba.cpp">
      <Filter>Source Files</Filter>
    </ClCompile>
    <ClCompile Include="BoostVelocidad.cpp">
      <Filter>Source Files</Filter>
    </ClCompile>
    <ClCompile Include="Colisionable.cpp">
      <Filter>Source Files</Filter>
    </ClCompile>
    <ClCompile Include="Enemigo.cpp">
      <Filter>Source Files</Filter>
    </ClCompile>
    <ClCompile Include="Fuego.cpp">
      <Filter>Source Files</Filter>
    </ClCompile>
    <ClCompile Include="Inamovibles.cpp">
      <Filter>Source Files</Filter>
    </ClCompile>
    <ClCompile Include="Juego.cpp">
      <Filter>Source Files</Filter>
    </ClCompile>
    <ClCompile Include="Mapa.cpp">
      <Filter>Source Files</Filter>
    </ClCompile>
    <ClCompile Include="Movibles.cpp">
      <Filter>Source Files</Filter>
    </ClCompile>
    <ClCompile Include="Nivel2.cpp">
      <Filter>Source Files</Filter>
    </ClCompile>
    <ClCompile Include="Nivel3.cpp">
      <Filter>Source Files</Filter>
    </ClCompile>
    <ClCompile Include="Player.cpp">
      <Filter>Source Files</Filter>
    </ClCompile>
    <ClCompile Include="PuertaVictoria.cpp">
      <Filter>Source Files</Filter>
    </ClCompile>
  </ItemGroup>
  <ItemGroup>
    <ClInclude Include="Menu.h">
      <Filter>Header Files</Filter>
    </ClInclude>
    <ClInclude Include="BloqueFijo.h">
      <Filter>Header Files</Filter>
    </ClInclude>
    <ClInclude Include="BloquesDestruibles.h">
      <Filter>Header Files</Filter>
    </ClInclude>
    <ClInclude Include="Bomba.h">
      <Filter>Header Files</Filter>
    </ClInclude>
    <ClInclude Include="BoostBomba.h">
      <Filter>Header Files</Filter>
    </ClInclude>
    <ClInclude Include="BoostVelocidad.h">
      <Filter>Header Files</Filter>
    </ClInclude>
    <ClInclude Include="Colisionable.h">
      <Filter>Header Files</Filter>
    </ClInclude>
    <ClInclude Include="Enemigo.h">
      <Filter>Header Files</Filter>
    </ClInclude>
    <ClInclude Include="Estadistica.h">
      <Filter>Header Files</Filter>
    </ClInclude>
    <ClInclude Include="Fuego.h">
      <Filter>Header Files</Filter>
    </ClInclude>
    <ClInclude Include="Inamovibles.h">
      <Filter>Header Files</Filter>
    </ClInclude>
    <ClInclude Include="Juego.h">
      <Filter>Header Files</Filter>
    </ClInclude>
    <ClInclude Include="Mapa.h">
      <Filter>Header Files</Filter>
    </ClInclude>
    <ClInclude Include="Movibles.h">
      <Filter>Header Files</Filter>
    </ClInclude>
    <ClInclude Include="Nivel2.h">
      <Filter>Header Files</Filter>
    </ClInclude>
    <ClInclude Include="Nivel3.h">
      <Filter>Header Files</Filter>
    </ClInclude>
    <ClInclude Include="Player.h">
      <Filter>Header Files</Filter>
    </ClInclude>
    <ClInclude Include="PuertaVictoria.h">
      <Filter>Header Files</Filter>
    </ClInclude>
  </ItemGroup>
</Project>